
Microsoft Visual Studio Solution File, Format Version 12.00
# Visual Studio 15
VisualStudioVersion = 15.0.27428.2037
MinimumVisualStudioVersion = 10.0.40219.1
Project("{FAE04EC0-301F-11D3-BF4B-00C04F79EFBC}") = "Long.Division", "Long.Division.csproj", "{CEEB2153-6F31-406C-A458-191C0BFB61DA}"
EndProject
Global
	GlobalSection(SolutionConfigurationPlatforms) = preSolution
		Debug|Any CPU = Debug|Any CPU
		Release|Any CPU = Release|Any CPU
	EndGlobalSection
	GlobalSection(ProjectConfigurationPlatforms) = postSolution
		{CEEB2153-6F31-406C-A458-191C0BFB61DA}.Debug|Any CPU.ActiveCfg = Debug|Any CPU
		{CEEB2153-6F31-406C-A458-191C0BFB61DA}.Debug|Any CPU.Build.0 = Debug|Any CPU
		{CEEB2153-6F31-406C-A458-191C0BFB61DA}.Release|Any CPU.ActiveCfg = Release|Any CPU
		{CEEB2153-6F31-406C-A458-191C0BFB61DA}.Release|Any CPU.Build.0 = Release|Any CPU
	EndGlobalSection
	GlobalSection(SolutionProperties) = preSolution
		HideSolutionNode = FALSE
	EndGlobalSection
	GlobalSection(ExtensibilityGlobals) = postSolution
		SolutionGuid = {89208E5B-5D08-4853-BCA1-2D290268FD8A}
	EndGlobalSection
EndGlobal
